
Microsoft Visual Studio Solution File, Format Version 12.00
# Visual Studio Version 17
VisualStudioVersion = 17.2.32616.157
MinimumVisualStudioVersion = 10.0.40219.1
Project("{9A19103F-16F7-4668-BE54-9A1E7A4F7556}") = "MoviesProj", "MoviesProj\MoviesProj.csproj", "{D932FBCA-AC3C-48EF-B534-BF8264B7B07B}"
EndProject
Project("{9A19103F-16F7-4668-BE54-9A1E7A4F7556}") = "Web-Api-Tests", "Web-Api-Tests\Web-Api-Tests.csproj", "{5A1BCDE7-E15F-42A2-9CFC-32B3F8E26603}"
EndProject
Project("{FAE04EC0-301F-11D3-BF4B-00C04F79EFBC}") = "LoggerService", "LoggerService\LoggerService.csproj", "{34BCCEC0-A02C-45D4-B192-0EB427C8FA71}"
EndProject
Global
	GlobalSection(SolutionConfigurationPlatforms) = preSolution
		Debug|Any CPU = Debug|Any CPU
		Release|Any CPU = Release|Any CPU
	EndGlobalSection
	GlobalSection(ProjectConfigurationPlatforms) = postSolution
		{D932FBCA-AC3C-48EF-B534-BF8264B7B07B}.Debug|Any CPU.ActiveCfg = Debug|Any CPU
		{D932FBCA-AC3C-48EF-B534-BF8264B7B07B}.Debug|Any CPU.Build.0 = Debug|Any CPU
		{D932FBCA-AC3C-48EF-B534-BF8264B7B07B}.Release|Any CPU.ActiveCfg = Release|Any CPU
		{D932FBCA-AC3C-48EF-B534-BF8264B7B07B}.Release|Any CPU.Build.0 = Release|Any CPU
		{5A1BCDE7-E15F-42A2-9CFC-32B3F8E26603}.Debug|Any CPU.ActiveCfg = Debug|Any CPU
		{5A1BCDE7-E15F-42A2-9CFC-32B3F8E26603}.Debug|Any CPU.Build.0 = Debug|Any CPU
		{5A1BCDE7-E15F-42A2-9CFC-32B3F8E26603}.Release|Any CPU.ActiveCfg = Release|Any CPU
		{5A1BCDE7-E15F-42A2-9CFC-32B3F8E26603}.Release|Any CPU.Build.0 = Release|Any CPU
		{34BCCEC0-A02C-45D4-B192-0EB427C8FA71}.Debug|Any CPU.ActiveCfg = Debug|Any CPU
		{34BCCEC0-A02C-45D4-B192-0EB427C8FA71}.Debug|Any CPU.Build.0 = Debug|Any CPU
		{34BCCEC0-A02C-45D4-B192-0EB427C8FA71}.Release|Any CPU.ActiveCfg = Release|Any CPU
		{34BCCEC0-A02C-45D4-B192-0EB427C8FA71}.Release|Any CPU.Build.0 = Release|Any CPU
	EndGlobalSection
	GlobalSection(SolutionProperties) = preSolution
		HideSolutionNode = FALSE
	EndGlobalSection
	GlobalSection(ExtensibilityGlobals) = postSolution
		SolutionGuid = {ADA6FEF8-DDEA-4D8F-A333-164F36225CE1}
	EndGlobalSection
EndGlobal
